{
    "name": "ionicvuesnippets",
    "version": "0.1.0",
    "lockfileVersion": 1,
    "requires": true,
    "dependencies": {
        "@modus/ionic-vetur": {
            "version": "1.0.2",
            "resolved": "https://registry.npmjs.org/@modus/ionic-vetur/-/ionic-vetur-1.0.2.tgz",
            "integrity": "sha512-zHZD5RyzNuwwMYvcPi/4QjG1i5u7tgQFYARMShe6zrwoSfJ1xzeezuwaDSbUrJRm92oRFVbBd9Y2Ovjge8mZHw==",
            "dev": true
        }
    }
}
